Microsoft Visual Studio Solution File, Format Version 12.00
# Visual Studio 14
VisualStudioVersion = 14.0.22823.1
MinimumVisualStudioVersion = 10.0.40219.1
Project("{FAE04EC0-301F-11D3-BF4B-00C04F79EFBC}") = "AIRCRM.UI.LOGIC", "AIRCRM.UI.LOGIC\AIRCRM.UI.LOGIC.csproj", "{33D6D5B9-8EEC-4782-980F-7DDD6A72CF63}"
EndProject
Project("{FAE04EC0-301F-11D3-BF4B-00C04F79EFBC}") = "AIRCRM.WEB", "AIRCRM.WEB\AIRCRM.WEB.csproj", "{4CC1502E-C4F0-473B-AB71-9D5967DA117A}"
EndProject
Project("{FAE04EC0-301F-11D3-BF4B-00C04F79EFBC}") = "AIRCRM.WCF", "AIRCRM.WCF\AIRCRM.WCF.csproj", "{9B20BB6C-D0C7-4B72-BE67-3AE371DF061A}"
EndProject
Project("{FAE04EC0-301F-11D3-BF4B-00C04F79EFBC}") = "AIRCRM.WPF", "AIRCRM.WPF\AIRCRM.WPF.csproj", "{70ED69D4-8D96-4761-991D-174D015A9A5B}"
EndProject
Project("{FAE04EC0-301F-11D3-BF4B-00C04F79EFBC}") = "AIRCRM.UAPPS", "AIRCRM.UAPPS\AIRCRM.UAPPS.csproj", "{C5694492-30E4-4E45-B315-F45138E11625}"
EndProject
Project("{FAE04EC0-301F-11D3-BF4B-00C04F79EFBC}") = "AIRCRM.SHARELIB", "AIRCRM.SHARELIB\AIRCRM.SHARELIB.csproj", "{10E20089-5EB2-4DFF-A116-383607D2B6B1}"
EndProject
Project("{FAE04EC0-301F-11D3-BF4B-00C04F79EFBC}") = "AIRCRM.BLL", "AIRCRM.BLL\AIRCRM.BLL.csproj", "{5F7BA24C-19D2-4CDC-8C01-9BDF1997ACA5}"
EndProject
Project("{FAE04EC0-301F-11D3-BF4B-00C04F79EFBC}") = "AIRCRM.DAL", "AIRCRM.DAL\AIRCRM.DAL.csproj", "{983055D7-6472-4945-8A76-BA1B203307CE}"
EndProject
Project("{FAE04EC0-301F-11D3-BF4B-00C04F79EFBC}") = "AIRCRM.MODEL", "AIRCRM.MODEL\AIRCRM.MODEL.csproj", "{671FA835-AF47-4580-9B65-032D08543232}"
EndProject
Project("{FAE04EC0-301F-11D3-BF4B-00C04F79EFBC}") = "AIRCRM.TEST", "AIRCRM.TEST\AIRCRM.TEST.csproj", "{3C7BCD1F-5521-45C6-8FF4-0E54D3BECB4C}"
EndProject
Project("{FAE04EC0-301F-11D3-BF4B-00C04F79EFBC}") = "AIRCRM.PAY", "AIRCRM.PAY\AIRCRM.PAY.csproj", "{0C437D0D-0E9B-4E92-8DF5-F1D0D0E8B78D}"
EndProject
Project("{FAE04EC0-301F-11D3-BF4B-00C04F79EFBC}") = "AIRCRM.IDAL", "AIRCRM.IDAL\AIRCRM.IDAL.csproj", "{08D0DA7E-5004-462D-8EA9-C475AFBC6A37}"
EndProject
Project("{FAE04EC0-301F-11D3-BF4B-00C04F79EFBC}") = "AIRCRM.UI", "AIRCRM.UI\AIRCRM.UI.csproj", "{DBA53B57-C9C2-425A-926D-C69AB1DE1547}"
EndProject
Project("{FAE04EC0-301F-11D3-BF4B-00C04F79EFBC}") = "BLL", "SanbenPolicyManage\BLL\BLL.csproj", "{38D7AA58-C95B-449B-86C6-A8073A56E11F}"
EndProject
Project("{FAE04EC0-301F-11D3-BF4B-00C04F79EFBC}") = "Model", "SanbenPolicyManage\Model\Model.csproj", "{53995DBB-9836-4647-AD22-865884FDEB9E}"
EndProject
Project("{FAE04EC0-301F-11D3-BF4B-00C04F79EFBC}") = "DBUtility", "SanbenPolicyManage\DBUtility\DBUtility.csproj", "{0988C62E-247F-471F-A183-DB509C7A3839}"
EndProject
Project("{FAE04EC0-301F-11D3-BF4B-00C04F79EFBC}") = "DALFactory", "SanbenPolicyManage\DALFactory\DALFactory.csproj", "{96401C5E-D166-4E4E-98C2-3ECA91B6C7EB}"
EndProject
Project("{FAE04EC0-301F-11D3-BF4B-00C04F79EFBC}") = "IDAL", "SanbenPolicyManage\IDAL\IDAL.csproj", "{B0706FA2-977C-4523-B093-F57804756498}"
EndProject
Project("{FAE04EC0-301F-11D3-BF4B-00C04F79EFBC}") = "OracleDAL", "SanbenPolicyManage\OracleDAL\OracleDAL.csproj", "{9FE00521-3A8B-42B1-814E-585E99407B2E}"
EndProject
Project("{FAE04EC0-301F-11D3-BF4B-00C04F79EFBC}") = "SQLServerDAL", "SanbenPolicyManage\SQLServerDAL\SQLServerDAL.csproj", "{AB835BA2-FFD6-49CD-87B0-E216255BB32E}"
EndProject
Project("{FAE04EC0-301F-11D3-BF4B-00C04F79EFBC}") = "Common", "SanbenPolicyManage\Common\Common.csproj", "{E3D8759A-C5EB-402D-9F10-F5C6029A8D1A}"
EndProject
Project("{FAE04EC0-301F-11D3-BF4B-00C04F79EFBC}") = "RunTask", "SanbenPolicyManage\RunTask\RunTask\RunTask.csproj", "{8CD82032-32E6-479D-A4AF-28DAF07A2613}"
EndProject
Project("{FAE04EC0-301F-11D3-BF4B-00C04F79EFBC}") = "PolicyAutoUploadLib", "SanbenPolicyManage\PolicyAutoUploadLib\PolicyAutoUploadLib.csproj", "{2FCD3399-AA37-420B-91BD-DC791F65EC4E}"
EndProject
Project("{FAE04EC0-301F-11D3-BF4B-00C04F79EFBC}") = "Air.Policy.Qunaer.Single.Model", "SanbenPolicyManage\Air.Policy.Qunaer.Single.LowPrice\Air.Policy.Qunaer.Single.Model.csproj", "{BDCF43B3-98CF-42BA-8F63-15166D8A0EA0}"
EndProject
Project("{FAE04EC0-301F-11D3-BF4B-00C04F79EFBC}") = "DetelePolicyTool", "SanbenPolicyManage\DetelePolicyTool\DetelePolicyTool.csproj", "{A950C88C-FE61-43D6-ADB2-4683F9BF6461}"
EndProject
Global
	GlobalSection(SolutionConfigurationPlatforms) = preSolution
		Debug|.NET = Debug|.NET
		Debug|Any CPU = Debug|Any CPU
		Debug|Mixed Platforms = Debug|Mixed Platforms
		Debug|x64 = Debug|x64
		Debug|x86 = Debug|x86
		Release|.NET = Release|.NET
		Release|Any CPU = Release|Any CPU
		Release|Mixed Platforms = Release|Mixed Platforms
		Release|x64 = Release|x64
		Release|x86 = Release|x86
	EndGlobalSection
	GlobalSection(ProjectConfigurationPlatforms) = postSolution
		{33D6D5B9-8EEC-4782-980F-7DDD6A72CF63}.Debug|.NET.ActiveCfg = Debug|Any CPU
		{33D6D5B9-8EEC-4782-980F-7DDD6A72CF63}.Debug|.NET.Build.0 = Debug|Any CPU
		{33D6D5B9-8EEC-4782-980F-7DDD6A72CF63}.Debug|Any CPU.ActiveCfg = Debug|Any CPU
		{33D6D5B9-8EEC-4782-980F-7DDD6A72CF63}.Debug|Any CPU.Build.0 = Debug|Any CPU
		{33D6D5B9-8EEC-4782-980F-7DDD6A72CF63}.Debug|Mixed Platforms.ActiveCfg = Debug|Any CPU
		{33D6D5B9-8EEC-4782-980F-7DDD6A72CF63}.Debug|Mixed Platforms.Build.0 = Debug|Any CPU
		{33D6D5B9-8EEC-4782-980F-7DDD6A72CF63}.Debug|x64.ActiveCfg = Debug|Any CPU
		{33D6D5B9-8EEC-4782-980F-7DDD6A72CF63}.Debug|x64.Build.0 = Debug|Any CPU
		{33D6D5B9-8EEC-4782-980F-7DDD6A72CF63}.Debug|x86.ActiveCfg = Debug|Any CPU
		{33D6D5B9-8EEC-4782-980F-7DDD6A72CF63}.Debug|x86.Build.0 = Debug|Any CPU
		{33D6D5B9-8EEC-4782-980F-7DDD6A72CF63}.Release|.NET.ActiveCfg = Release|Any CPU
		{33D6D5B9-8EEC-4782-980F-7DDD6A72CF63}.Release|.NET.Build.0 = Release|Any CPU
		{33D6D5B9-8EEC-4782-980F-7DDD6A72CF63}.Release|Any CPU.ActiveCfg = Release|Any CPU
		{33D6D5B9-8EEC-4782-980F-7DDD6A72CF63}.Release|Any CPU.Build.0 = Release|Any CPU
		{33D6D5B9-8EEC-4782-980F-7DDD6A72CF63}.Release|Mixed Platforms.ActiveCfg = Release|Any CPU
		{33D6D5B9-8EEC-4782-980F-7DDD6A72CF63}.Release|Mixed Platforms.Build.0 = Release|Any CPU
		{33D6D5B9-8EEC-4782-980F-7DDD6A72CF63}.Release|x64.ActiveCfg = Release|Any CPU
		{33D6D5B9-8EEC-4782-980F-7DDD6A72CF63}.Release|x64.Build.0 = Release|Any CPU
		{33D6D5B9-8EEC-4782-980F-7DDD6A72CF63}.Release|x86.ActiveCfg = Release|Any CPU
		{33D6D5B9-8EEC-4782-980F-7DDD6A72CF63}.Release|x86.Build.0 = Release|Any CPU
		{4CC1502E-C4F0-473B-AB71-9D5967DA117A}.Debug|.NET.ActiveCfg = Debug|Any CPU
		{4CC1502E-C4F0-473B-AB71-9D5967DA117A}.Debug|.NET.Build.0 = Debug|Any CPU
		{4CC1502E-C4F0-473B-AB71-9D5967DA117A}.Debug|Any CPU.ActiveCfg = Debug|Any CPU
		{4CC1502E-C4F0-473B-AB71-9D5967DA117A}.Debug|Any CPU.Build.0 = Debug|Any CPU
		{4CC1502E-C4F0-473B-AB71-9D5967DA117A}.Debug|Mixed Platforms.ActiveCfg = Debug|Any CPU
		{4CC1502E-C4F0-473B-AB71-9D5967DA117A}.Debug|Mixed Platforms.Build.0 = Debug|Any CPU
		{4CC1502E-C4F0-473B-AB71-9D5967DA117A}.Debug|x64.ActiveCfg = Debug|Any CPU
		{4CC1502E-C4F0-473B-AB71-9D5967DA117A}.Debug|x64.Build.0 = Debug|Any CPU
		{4CC1502E-C4F0-473B-AB71-9D5967DA117A}.Debug|x86.ActiveCfg = Debug|Any CPU
		{4CC1502E-C4F0-473B-AB71-9D5967DA117A}.Debug|x86.Build.0 = Debug|Any CPU
		{4CC1502E-C4F0-473B-AB71-9D5967DA117A}.Release|.NET.ActiveCfg = Release|Any CPU
		{4CC1502E-C4F0-473B-AB71-9D5967DA117A}.Release|.NET.Build.0 = Release|Any CPU
		{4CC1502E-C4F0-473B-AB71-9D5967DA117A}.Release|Any CPU.ActiveCfg = Release|Any CPU
		{4CC1502E-C4F0-473B-AB71-9D5967DA117A}.Release|Any CPU.Build.0 = Release|Any CPU
		{4CC1502E-C4F0-473B-AB71-9D5967DA117A}.Release|Mixed Platforms.ActiveCfg = Release|Any CPU
		{4CC1502E-C4F0-473B-AB71-9D5967DA117A}.Release|Mixed Platforms.Build.0 = Release|Any CPU
		{4CC1502E-C4F0-473B-AB71-9D5967DA117A}.Release|x64.ActiveCfg = Release|Any CPU
		{4CC1502E-C4F0-473B-AB71-9D5967DA117A}.Release|x64.Build.0 = Release|Any CPU
		{4CC1502E-C4F0-473B-AB71-9D5967DA117A}.Release|x86.ActiveCfg = Release|Any CPU
		{4CC1502E-C4F0-473B-AB71-9D5967DA117A}.Release|x86.Build.0 = Release|Any CPU
		{9B20BB6C-D0C7-4B72-BE67-3AE371DF061A}.Debug|.NET.ActiveCfg = Debug|Any CPU
		{9B20BB6C-D0C7-4B72-BE67-3AE371DF061A}.Debug|.NET.Build.0 = Debug|Any CPU
		{9B20BB6C-D0C7-4B72-BE67-3AE371DF061A}.Debug|Any CPU.ActiveCfg = Debug|Any CPU
		{9B20BB6C-D0C7-4B72-BE67-3AE371DF061A}.Debug|Any CPU.Build.0 = Debug|Any CPU
		{9B20BB6C-D0C7-4B72-BE67-3AE371DF061A}.Debug|Mixed Platforms.ActiveCfg = Debug|Any CPU
		{9B20BB6C-D0C7-4B72-BE67-3AE371DF061A}.Debug|Mixed Platforms.Build.0 = Debug|Any CPU
		{9B20BB6C-D0C7-4B72-BE67-3AE371DF061A}.Debug|x64.ActiveCfg = Debug|Any CPU
		{9B20BB6C-D0C7-4B72-BE67-3AE371DF061A}.Debug|x64.Build.0 = Debug|Any CPU
		{9B20BB6C-D0C7-4B72-BE67-3AE371DF061A}.Debug|x86.ActiveCfg = Debug|Any CPU
		{9B20BB6C-D0C7-4B72-BE67-3AE371DF061A}.Debug|x86.Build.0 = Debug|Any CPU
		{9B20BB6C-D0C7-4B72-BE67-3AE371DF061A}.Release|.NET.ActiveCfg = Release|Any CPU
		{9B20BB6C-D0C7-4B72-BE67-3AE371DF061A}.Release|.NET.Build.0 = Release|Any CPU
		{9B20BB6C-D0C7-4B72-BE67-3AE371DF061A}.Release|Any CPU.ActiveCfg = Release|Any CPU
		{9B20BB6C-D0C7-4B72-BE67-3AE371DF061A}.Release|Any CPU.Build.0 = Release|Any CPU
		{9B20BB6C-D0C7-4B72-BE67-3AE371DF061A}.Release|Mixed Platforms.ActiveCfg = Release|Any CPU
		{9B20BB6C-D0C7-4B72-BE67-3AE371DF061A}.Release|Mixed Platforms.Build.0 = Release|Any CPU
		{9B20BB6C-D0C7-4B72-BE67-3AE371DF061A}.Release|x64.ActiveCfg = Release|Any CPU
		{9B20BB6C-D0C7-4B72-BE67-3AE371DF061A}.Release|x64.Build.0 = Release|Any CPU
		{9B20BB6C-D0C7-4B72-BE67-3AE371DF061A}.Release|x86.ActiveCfg = Release|Any CPU
		{9B20BB6C-D0C7-4B72-BE67-3AE371DF061A}.Release|x86.Build.0 = Release|Any CPU
		{70ED69D4-8D96-4761-991D-174D015A9A5B}.Debug|.NET.ActiveCfg = Debug|Any CPU
		{70ED69D4-8D96-4761-991D-174D015A9A5B}.Debug|.NET.Build.0 = Debug|Any CPU
		{70ED69D4-8D96-4761-991D-174D015A9A5B}.Debug|Any CPU.ActiveCfg = Debug|Any CPU
		{70ED69D4-8D96-4761-991D-174D015A9A5B}.Debug|Any CPU.Build.0 = Debug|Any CPU
		{70ED69D4-8D96-4761-991D-174D015A9A5B}.Debug|Mixed Platforms.ActiveCfg = Debug|Any CPU
		{70ED69D4-8D96-4761-991D-174D015A9A5B}.Debug|Mixed Platforms.Build.0 = Debug|Any CPU
		{70ED69D4-8D96-4761-991D-174D015A9A5B}.Debug|x64.ActiveCfg = Debug|Any CPU
		{70ED69D4-8D96-4761-991D-174D015A9A5B}.Debug|x64.Build.0 = Debug|Any CPU
		{70ED69D4-8D96-4761-991D-174D015A9A5B}.Debug|x86.ActiveCfg = Debug|Any CPU
		{70ED69D4-8D96-4761-991D-174D015A9A5B}.Debug|x86.Build.0 = Debug|Any CPU
		{70ED69D4-8D96-4761-991D-174D015A9A5B}.Release|.NET.ActiveCfg = Release|Any CPU
		{70ED69D4-8D96-4761-991D-174D015A9A5B}.Release|.NET.Build.0 = Release|Any CPU
		{70ED69D4-8D96-4761-991D-174D015A9A5B}.Release|Any CPU.ActiveCfg = Release|Any CPU
		{70ED69D4-8D96-4761-991D-174D015A9A5B}.Release|Any CPU.Build.0 = Release|Any CPU
		{70ED69D4-8D96-4761-991D-174D015A9A5B}.Release|Mixed Platforms.ActiveCfg = Release|Any CPU
		{70ED69D4-8D96-4761-991D-174D015A9A5B}.Release|Mixed Platforms.Build.0 = Release|Any CPU
		{70ED69D4-8D96-4761-991D-174D015A9A5B}.Release|x64.ActiveCfg = Release|Any CPU
		{70ED69D4-8D96-4761-991D-174D015A9A5B}.Release|x64.Build.0 = Release|Any CPU
		{70ED69D4-8D96-4761-991D-174D015A9A5B}.Release|x86.ActiveCfg = Release|Any CPU
		{70ED69D4-8D96-4761-991D-174D015A9A5B}.Release|x86.Build.0 = Release|Any CPU
		{C5694492-30E4-4E45-B315-F45138E11625}.Debug|.NET.ActiveCfg = Debug|Any CPU
		{C5694492-30E4-4E45-B315-F45138E11625}.Debug|.NET.Build.0 = Debug|Any CPU
		{C5694492-30E4-4E45-B315-F45138E11625}.Debug|Any CPU.ActiveCfg = Debug|Any CPU
		{C5694492-30E4-4E45-B315-F45138E11625}.Debug|Any CPU.Build.0 = Debug|Any CPU
		{C5694492-30E4-4E45-B315-F45138E11625}.Debug|Mixed Platforms.ActiveCfg = Debug|Any CPU
		{C5694492-30E4-4E45-B315-F45138E11625}.Debug|Mixed Platforms.Build.0 = Debug|Any CPU
		{C5694492-30E4-4E45-B315-F45138E11625}.Debug|x64.ActiveCfg = Debug|Any CPU
		{C5694492-30E4-4E45-B315-F45138E11625}.Debug|x64.Build.0 = Debug|Any CPU
		{C5694492-30E4-4E45-B315-F45138E11625}.Debug|x86.ActiveCfg = Debug|Any CPU
		{C5694492-30E4-4E45-B315-F45138E11625}.Debug|x86.Build.0 = Debug|Any CPU
		{C5694492-30E4-4E45-B315-F45138E11625}.Release|.NET.ActiveCfg = Release|Any CPU
		{C5694492-30E4-4E45-B315-F45138E11625}.Release|.NET.Build.0 = Release|Any CPU
		{C5694492-30E4-4E45-B315-F45138E11625}.Release|Any CPU.ActiveCfg = Release|Any CPU
		{C5694492-30E4-4E45-B315-F45138E11625}.Release|Any CPU.Build.0 = Release|Any CPU
		{C5694492-30E4-4E45-B315-F45138E11625}.Release|Mixed Platforms.ActiveCfg = Release|Any CPU
		{C5694492-30E4-4E45-B315-F45138E11625}.Release|Mixed Platforms.Build.0 = Release|Any CPU
		{C5694492-30E4-4E45-B315-F45138E11625}.Release|x64.ActiveCfg = Release|Any CPU
		{C5694492-30E4-4E45-B315-F45138E11625}.Release|x64.Build.0 = Release|Any CPU
		{C5694492-30E4-4E45-B315-F45138E11625}.Release|x86.ActiveCfg = Release|Any CPU
		{C5694492-30E4-4E45-B315-F45138E11625}.Release|x86.Build.0 = Release|Any CPU
		{10E20089-5EB2-4DFF-A116-383607D2B6B1}.Debug|.NET.ActiveCfg = Debug|Any CPU
		{10E20089-5EB2-4DFF-A116-383607D2B6B1}.Debug|.NET.Build.0 = Debug|Any CPU
		{10E20089-5EB2-4DFF-A116-383607D2B6B1}.Debug|Any CPU.ActiveCfg = Debug|Any CPU
		{10E20089-5EB2-4DFF-A116-383607D2B6B1}.Debug|Any CPU.Build.0 = Debug|Any CPU
		{10E20089-5EB2-4DFF-A116-383607D2B6B1}.Debug|Mixed Platforms.ActiveCfg = Debug|Any CPU
		{10E20089-5EB2-4DFF-A116-383607D2B6B1}.Debug|Mixed Platforms.Build.0 = Debug|Any CPU
		{10E20089-5EB2-4DFF-A116-383607D2B6B1}.Debug|x64.ActiveCfg = Debug|Any CPU
		{10E20089-5EB2-4DFF-A116-383607D2B6B1}.Debug|x64.Build.0 = Debug|Any CPU
		{10E20089-5EB2-4DFF-A116-383607D2B6B1}.Debug|x86.ActiveCfg = Debug|Any CPU
		{10E20089-5EB2-4DFF-A116-383607D2B6B1}.Debug|x86.Build.0 = Debug|Any CPU
		{10E20089-5EB2-4DFF-A116-383607D2B6B1}.Release|.NET.ActiveCfg = Release|Any CPU
		{10E20089-5EB2-4DFF-A116-383607D2B6B1}.Release|.NET.Build.0 = Release|Any CPU
		{10E20089-5EB2-4DFF-A116-383607D2B6B1}.Release|Any CPU.ActiveCfg = Release|Any CPU
		{10E20089-5EB2-4DFF-A116-383607D2B6B1}.Release|Any CPU.Build.0 = Release|Any CPU
		{10E20089-5EB2-4DFF-A116-383607D2B6B1}.Release|Mixed Platforms.ActiveCfg = Release|Any CPU
		{10E20089-5EB2-4DFF-A116-383607D2B6B1}.Release|Mixed Platforms.Build.0 = Release|Any CPU
		{10E20089-5EB2-4DFF-A116-383607D2B6B1}.Release|x64.ActiveCfg = Release|Any CPU
		{10E20089-5EB2-4DFF-A116-383607D2B6B1}.Release|x64.Build.0 = Release|Any CPU
		{10E20089-5EB2-4DFF-A116-383607D2B6B1}.Release|x86.ActiveCfg = Release|Any CPU
		{10E20089-5EB2-4DFF-A116-383607D2B6B1}.Release|x86.Build.0 = Release|Any CPU
		{5F7BA24C-19D2-4CDC-8C01-9BDF1997ACA5}.Debug|.NET.ActiveCfg = Debug|Any CPU
		{5F7BA24C-19D2-4CDC-8C01-9BDF1997ACA5}.Debug|.NET.Build.0 = Debug|Any CPU
		{5F7BA24C-19D2-4CDC-8C01-9BDF1997ACA5}.Debug|Any CPU.ActiveCfg = Debug|Any CPU
		{5F7BA24C-19D2-4CDC-8C01-9BDF1997ACA5}.Debug|Any CPU.Build.0 = Debug|Any CPU
		{5F7BA24C-19D2-4CDC-8C01-9BDF1997ACA5}.Debug|Mixed Platforms.ActiveCfg = Debug|Any CPU
		{5F7BA24C-19D2-4CDC-8C01-9BDF1997ACA5}.Debug|Mixed Platforms.Build.0 = Debug|Any CPU
		{5F7BA24C-19D2-4CDC-8C01-9BDF1997ACA5}.Debug|x64.ActiveCfg = Debug|Any CPU
		{5F7BA24C-19D2-4CDC-8C01-9BDF1997ACA5}.Debug|x64.Build.0 = Debug|Any CPU
		{5F7BA24C-19D2-4CDC-8C01-9BDF1997ACA5}.Debug|x86.ActiveCfg = Debug|Any CPU
		{5F7BA24C-19D2-4CDC-8C01-9BDF1997ACA5}.Debug|x86.Build.0 = Debug|Any CPU
		{5F7BA24C-19D2-4CDC-8C01-9BDF1997ACA5}.Release|.NET.ActiveCfg = Release|Any CPU
		{5F7BA24C-19D2-4CDC-8C01-9BDF1997ACA5}.Release|.NET.Build.0 = Release|Any CPU
		{5F7BA24C-19D2-4CDC-8C01-9BDF1997ACA5}.Release|Any CPU.ActiveCfg = Release|Any CPU
		{5F7BA24C-19D2-4CDC-8C01-9BDF1997ACA5}.Release|Any CPU.Build.0 = Release|Any CPU
		{5F7BA24C-19D2-4CDC-8C01-9BDF1997ACA5}.Release|Mixed Platforms.ActiveCfg = Release|Any CPU
		{5F7BA24C-19D2-4CDC-8C01-9BDF1997ACA5}.Release|Mixed Platforms.Build.0 = Release|Any CPU
		{5F7BA24C-19D2-4CDC-8C01-9BDF1997ACA5}.Release|x64.ActiveCfg = Release|Any CPU
		{5F7BA24C-19D2-4CDC-8C01-9BDF1997ACA5}.Release|x64.Build.0 = Release|Any CPU
		{5F7BA24C-19D2-4CDC-8C01-9BDF1997ACA5}.Release|x86.ActiveCfg = Release|Any CPU
		{5F7BA24C-19D2-4CDC-8C01-9BDF1997ACA5}.Release|x86.Build.0 = Release|Any CPU
		{983055D7-6472-4945-8A76-BA1B203307CE}.Debug|.NET.ActiveCfg = Debug|Any CPU
		{983055D7-6472-4945-8A76-BA1B203307CE}.Debug|.NET.Build.0 = Debug|Any CPU
		{983055D7-6472-4945-8A76-BA1B203307CE}.Debug|Any CPU.ActiveCfg = Debug|Any CPU
		{983055D7-6472-4945-8A76-BA1B203307CE}.Debug|Any CPU.Build.0 = Debug|Any CPU
		{983055D7-6472-4945-8A76-BA1B203307CE}.Debug|Mixed Platforms.ActiveCfg = Debug|Any CPU
		{983055D7-6472-4945-8A76-BA1B203307CE}.Debug|Mixed Platforms.Build.0 = Debug|Any CPU
		{983055D7-6472-4945-8A76-BA1B203307CE}.Debug|x64.ActiveCfg = Debug|Any CPU
		{983055D7-6472-4945-8A76-BA1B203307CE}.Debug|x64.Build.0 = Debug|Any CPU
		{983055D7-6472-4945-8A76-BA1B203307CE}.Debug|x86.ActiveCfg = Debug|Any CPU
		{983055D7-6472-4945-8A76-BA1B203307CE}.Debug|x86.Build.0 = Debug|Any CPU
		{983055D7-6472-4945-8A76-BA1B203307CE}.Release|.NET.ActiveCfg = Release|Any CPU
		{983055D7-6472-4945-8A76-BA1B203307CE}.Release|.NET.Build.0 = Release|Any CPU
		{983055D7-6472-4945-8A76-BA1B203307CE}.Release|Any CPU.ActiveCfg = Release|Any CPU
		{983055D7-6472-4945-8A76-BA1B203307CE}.Release|Any CPU.Build.0 = Release|Any CPU
		{983055D7-6472-4945-8A76-BA1B203307CE}.Release|Mixed Platforms.ActiveCfg = Release|Any CPU
		{983055D7-6472-4945-8A76-BA1B203307CE}.Release|Mixed Platforms.Build.0 = Release|Any CPU
		{983055D7-6472-4945-8A76-BA1B203307CE}.Release|x64.ActiveCfg = Release|Any CPU
		{983055D7-6472-4945-8A76-BA1B203307CE}.Release|x64.Build.0 = Release|Any CPU
		{983055D7-6472-4945-8A76-BA1B203307CE}.Release|x86.ActiveCfg = Release|Any CPU
		{983055D7-6472-4945-8A76-BA1B203307CE}.Release|x86.Build.0 = Release|Any CPU
		{671FA835-AF47-4580-9B65-032D08543232}.Debug|.NET.ActiveCfg = Debug|Any CPU
		{671FA835-AF47-4580-9B65-032D08543232}.Debug|.NET.Build.0 = Debug|Any CPU
		{671FA835-AF47-4580-9B65-032D08543232}.Debug|Any CPU.ActiveCfg = Debug|Any CPU
		{671FA835-AF47-4580-9B65-032D08543232}.Debug|Any CPU.Build.0 = Debug|Any CPU
		{671FA835-AF47-4580-9B65-032D08543232}.Debug|Mixed Platforms.ActiveCfg = Debug|Any CPU
		{671FA835-AF47-4580-9B65-032D08543232}.Debug|Mixed Platforms.Build.0 = Debug|Any CPU
		{671FA835-AF47-4580-9B65-032D08543232}.Debug|x64.ActiveCfg = Debug|Any CPU
		{671FA835-AF47-4580-9B65-032D08543232}.Debug|x64.Build.0 = Debug|Any CPU
		{671FA835-AF47-4580-9B65-032D08543232}.Debug|x86.ActiveCfg = Debug|Any CPU
		{671FA835-AF47-4580-9B65-032D08543232}.Debug|x86.Build.0 = Debug|Any CPU
		{671FA835-AF47-4580-9B65-032D08543232}.Release|.NET.ActiveCfg = Release|Any CPU
		{671FA835-AF47-4580-9B65-032D08543232}.Release|.NET.Build.0 = Release|Any CPU
		{671FA835-AF47-4580-9B65-032D08543232}.Release|Any CPU.ActiveCfg = Release|Any CPU
		{671FA835-AF47-4580-9B65-032D08543232}.Release|Any CPU.Build.0 = Release|Any CPU
		{671FA835-AF47-4580-9B65-032D08543232}.Release|Mixed Platforms.ActiveCfg = Release|Any CPU
		{671FA835-AF47-4580-9B65-032D08543232}.Release|Mixed Platforms.Build.0 = Release|Any CPU
		{671FA835-AF47-4580-9B65-032D08543232}.Release|x64.ActiveCfg = Release|Any CPU
		{671FA835-AF47-4580-9B65-032D08543232}.Release|x64.Build.0 = Release|Any CPU
		{671FA835-AF47-4580-9B65-032D08543232}.Release|x86.ActiveCfg = Release|Any CPU
		{671FA835-AF47-4580-9B65-032D08543232}.Release|x86.Build.0 = Release|Any CPU
		{3C7BCD1F-5521-45C6-8FF4-0E54D3BECB4C}.Debug|.NET.ActiveCfg = Debug|Any CPU
		{3C7BCD1F-5521-45C6-8FF4-0E54D3BECB4C}.Debug|.NET.Build.0 = Debug|Any CPU
		{3C7BCD1F-5521-45C6-8FF4-0E54D3BECB4C}.Debug|Any CPU.ActiveCfg = Debug|Any CPU
		{3C7BCD1F-5521-45C6-8FF4-0E54D3BECB4C}.Debug|Any CPU.Build.0 = Debug|Any CPU
		{3C7BCD1F-5521-45C6-8FF4-0E54D3BECB4C}.Debug|Mixed Platforms.ActiveCfg = Debug|Any CPU
		{3C7BCD1F-5521-45C6-8FF4-0E54D3BECB4C}.Debug|Mixed Platforms.Build.0 = Debug|Any CPU
		{3C7BCD1F-5521-45C6-8FF4-0E54D3BECB4C}.Debug|x64.ActiveCfg = Debug|Any CPU
		{3C7BCD1F-5521-45C6-8FF4-0E54D3BECB4C}.Debug|x64.Build.0 = Debug|Any CPU
		{3C7BCD1F-5521-45C6-8FF4-0E54D3BECB4C}.Debug|x86.ActiveCfg = Debug|Any CPU
		{3C7BCD1F-5521-45C6-8FF4-0E54D3BECB4C}.Debug|x86.Build.0 = Debug|Any CPU
		{3C7BCD1F-5521-45C6-8FF4-0E54D3BECB4C}.Release|.NET.ActiveCfg = Release|Any CPU
		{3C7BCD1F-5521-45C6-8FF4-0E54D3BECB4C}.Release|.NET.Build.0 = Release|Any CPU
		{3C7BCD1F-5521-45C6-8FF4-0E54D3BECB4C}.Release|Any CPU.ActiveCfg = Release|Any CPU
		{3C7BCD1F-5521-45C6-8FF4-0E54D3BECB4C}.Release|Any CPU.Build.0 = Release|Any CPU
		{3C7BCD1F-5521-45C6-8FF4-0E54D3BECB4C}.Release|Mixed Platforms.ActiveCfg = Release|Any CPU
		{3C7BCD1F-5521-45C6-8FF4-0E54D3BECB4C}.Release|Mixed Platforms.Build.0 = Release|Any CPU
		{3C7BCD1F-5521-45C6-8FF4-0E54D3BECB4C}.Release|x64.ActiveCfg = Release|Any CPU
		{3C7BCD1F-5521-45C6-8FF4-0E54D3BECB4C}.Release|x64.Build.0 = Release|Any CPU
		{3C7BCD1F-5521-45C6-8FF4-0E54D3BECB4C}.Release|x86.ActiveCfg = Release|Any CPU
		{3C7BCD1F-5521-45C6-8FF4-0E54D3BECB4C}.Release|x86.Build.0 = Release|Any CPU
		{0C437D0D-0E9B-4E92-8DF5-F1D0D0E8B78D}.Debug|.NET.ActiveCfg = Debug|Any CPU
		{0C437D0D-0E9B-4E92-8DF5-F1D0D0E8B78D}.Debug|.NET.Build.0 = Debug|Any CPU
		{0C437D0D-0E9B-4E92-8DF5-F1D0D0E8B78D}.Debug|Any CPU.ActiveCfg = Debug|Any CPU
		{0C437D0D-0E9B-4E92-8DF5-F1D0D0E8B78D}.Debug|Any CPU.Build.0 = Debug|Any CPU
		{0C437D0D-0E9B-4E92-8DF5-F1D0D0E8B78D}.Debug|Mixed Platforms.ActiveCfg = Debug|Any CPU
		{0C437D0D-0E9B-4E92-8DF5-F1D0D0E8B78D}.Debug|Mixed Platforms.Build.0 = Debug|Any CPU
		{0C437D0D-0E9B-4E92-8DF5-F1D0D0E8B78D}.Debug|x64.ActiveCfg = Debug|Any CPU
		{0C437D0D-0E9B-4E92-8DF5-F1D0D0E8B78D}.Debug|x64.Build.0 = Debug|Any CPU
		{0C437D0D-0E9B-4E92-8DF5-F1D0D0E8B78D}.Debug|x86.ActiveCfg = Debug|Any CPU
		{0C437D0D-0E9B-4E92-8DF5-F1D0D0E8B78D}.Debug|x86.Build.0 = Debug|Any CPU
		{0C437D0D-0E9B-4E92-8DF5-F1D0D0E8B78D}.Release|.NET.ActiveCfg = Release|Any CPU
		{0C437D0D-0E9B-4E92-8DF5-F1D0D0E8B78D}.Release|.NET.Build.0 = Release|Any CPU
		{0C437D0D-0E9B-4E92-8DF5-F1D0D0E8B78D}.Release|Any CPU.ActiveCfg = Release|Any CPU
		{0C437D0D-0E9B-4E92-8DF5-F1D0D0E8B78D}.Release|Any CPU.Build.0 = Release|Any CPU
		{0C437D0D-0E9B-4E92-8DF5-F1D0D0E8B78D}.Release|Mixed Platforms.ActiveCfg = Release|Any CPU
		{0C437D0D-0E9B-4E92-8DF5-F1D0D0E8B78D}.Release|Mixed Platforms.Build.0 = Release|Any CPU
		{0C437D0D-0E9B-4E92-8DF5-F1D0D0E8B78D}.Release|x64.ActiveCfg = Release|Any CPU
		{0C437D0D-0E9B-4E92-8DF5-F1D0D0E8B78D}.Release|x64.Build.0 = Release|Any CPU
		{0C437D0D-0E9B-4E92-8DF5-F1D0D0E8B78D}.Release|x86.ActiveCfg = Release|Any CPU
		{0C437D0D-0E9B-4E92-8DF5-F1D0D0E8B78D}.Release|x86.Build.0 = Release|Any CPU
		{08D0DA7E-5004-462D-8EA9-C475AFBC6A37}.Debug|.NET.ActiveCfg = Debug|Any CPU
		{08D0DA7E-5004-462D-8EA9-C475AFBC6A37}.Debug|.NET.Build.0 = Debug|Any CPU
		{08D0DA7E-5004-462D-8EA9-C475AFBC6A37}.Debug|Any CPU.ActiveCfg = Debug|Any CPU
		{08D0DA7E-5004-462D-8EA9-C475AFBC6A37}.Debug|Any CPU.Build.0 = Debug|Any CPU
		{08D0DA7E-5004-462D-8EA9-C475AFBC6A37}.Debug|Mixed Platforms.ActiveCfg = Debug|Any CPU
		{08D0DA7E-5004-462D-8EA9-C475AFBC6A37}.Debug|Mixed Platforms.Build.0 = Debug|Any CPU
		{08D0DA7E-5004-462D-8EA9-C475AFBC6A37}.Debug|x64.ActiveCfg = Debug|Any CPU
		{08D0DA7E-5004-462D-8EA9-C475AFBC6A37}.Debug|x64.Build.0 = Debug|Any CPU
		{08D0DA7E-5004-462D-8EA9-C475AFBC6A37}.Debug|x86.ActiveCfg = Debug|Any CPU
		{08D0DA7E-5004-462D-8EA9-C475AFBC6A37}.Debug|x86.Build.0 = Debug|Any CPU
		{08D0DA7E-5004-462D-8EA9-C475AFBC6A37}.Release|.NET.ActiveCfg = Release|Any CPU
		{08D0DA7E-5004-462D-8EA9-C475AFBC6A37}.Release|.NET.Build.0 = Release|Any CPU
		{08D0DA7E-5004-462D-8EA9-C475AFBC6A37}.Release|Any CPU.ActiveCfg = Release|Any CPU
		{08D0DA7E-5004-462D-8EA9-C475AFBC6A37}.Release|Any CPU.Build.0 = Release|Any CPU
		{08D0DA7E-5004-462D-8EA9-C475AFBC6A37}.Release|Mixed Platforms.ActiveCfg = Release|Any CPU
		{08D0DA7E-5004-462D-8EA9-C475AFBC6A37}.Release|Mixed Platforms.Build.0 = Release|Any CPU
		{08D0DA7E-5004-462D-8EA9-C475AFBC6A37}.Release|x64.ActiveCfg = Release|Any CPU
		{08D0DA7E-5004-462D-8EA9-C475AFBC6A37}.Release|x64.Build.0 = Release|Any CPU
		{08D0DA7E-5004-462D-8EA9-C475AFBC6A37}.Release|x86.ActiveCfg = Release|Any CPU
		{08D0DA7E-5004-462D-8EA9-C475AFBC6A37}.Release|x86.Build.0 = Release|Any CPU
		{DBA53B57-C9C2-425A-926D-C69AB1DE1547}.Debug|.NET.ActiveCfg = Debug|Any CPU
		{DBA53B57-C9C2-425A-926D-C69AB1DE1547}.Debug|.NET.Build.0 = Debug|Any CPU
		{DBA53B57-C9C2-425A-926D-C69AB1DE1547}.Debug|Any CPU.ActiveCfg = Debug|Any CPU
		{DBA53B57-C9C2-425A-926D-C69AB1DE1547}.Debug|Any CPU.Build.0 = Debug|Any CPU
		{DBA53B57-C9C2-425A-926D-C69AB1DE1547}.Debug|Mixed Platforms.ActiveCfg = Debug|Any CPU
		{DBA53B57-C9C2-425A-926D-C69AB1DE1547}.Debug|Mixed Platforms.Build.0 = Debug|Any CPU
		{DBA53B57-C9C2-425A-926D-C69AB1DE1547}.Debug|x64.ActiveCfg = Debug|Any CPU
		{DBA53B57-C9C2-425A-926D-C69AB1DE1547}.Debug|x64.Build.0 = Debug|Any CPU
		{DBA53B57-C9C2-425A-926D-C69AB1DE1547}.Debug|x86.ActiveCfg = Debug|Any CPU
		{DBA53B57-C9C2-425A-926D-C69AB1DE1547}.Debug|x86.Build.0 = Debug|Any CPU
		{DBA53B57-C9C2-425A-926D-C69AB1DE1547}.Release|.NET.ActiveCfg = Release|Any CPU
		{DBA53B57-C9C2-425A-926D-C69AB1DE1547}.Release|.NET.Build.0 = Release|Any CPU
		{DBA53B57-C9C2-425A-926D-C69AB1DE1547}.Release|Any CPU.ActiveCfg = Release|Any CPU
		{DBA53B57-C9C2-425A-926D-C69AB1DE1547}.Release|Any CPU.Build.0 = Release|Any CPU
		{DBA53B57-C9C2-425A-926D-C69AB1DE1547}.Release|Mixed Platforms.ActiveCfg = Release|Any CPU
		{DBA53B57-C9C2-425A-926D-C69AB1DE1547}.Release|Mixed Platforms.Build.0 = Release|Any CPU
		{DBA53B57-C9C2-425A-926D-C69AB1DE1547}.Release|x64.ActiveCfg = Release|Any CPU
		{DBA53B57-C9C2-425A-926D-C69AB1DE1547}.Release|x64.Build.0 = Release|Any CPU
		{DBA53B57-C9C2-425A-926D-C69AB1DE1547}.Release|x86.ActiveCfg = Release|Any CPU
		{DBA53B57-C9C2-425A-926D-C69AB1DE1547}.Release|x86.Build.0 = Release|Any CPU
		{38D7AA58-C95B-449B-86C6-A8073A56E11F}.Debug|.NET.ActiveCfg = Debug|Any CPU
		{38D7AA58-C95B-449B-86C6-A8073A56E11F}.Debug|Any CPU.ActiveCfg = Debug|Any CPU
		{38D7AA58-C95B-449B-86C6-A8073A56E11F}.Debug|Any CPU.Build.0 = Debug|Any CPU
		{38D7AA58-C95B-449B-86C6-A8073A56E11F}.Debug|Mixed Platforms.ActiveCfg = Debug|Any CPU
		{38D7AA58-C95B-449B-86C6-A8073A56E11F}.Debug|Mixed Platforms.Build.0 = Debug|Any CPU
		{38D7AA58-C95B-449B-86C6-A8073A56E11F}.Debug|x64.ActiveCfg = Debug|Any CPU
		{38D7AA58-C95B-449B-86C6-A8073A56E11F}.Debug|x86.ActiveCfg = Debug|Any CPU
		{38D7AA58-C95B-449B-86C6-A8073A56E11F}.Release|.NET.ActiveCfg = Release|Any CPU
		{38D7AA58-C95B-449B-86C6-A8073A56E11F}.Release|Any CPU.ActiveCfg = Release|Any CPU
		{38D7AA58-C95B-449B-86C6-A8073A56E11F}.Release|Any CPU.Build.0 = Release|Any CPU
		{38D7AA58-C95B-449B-86C6-A8073A56E11F}.Release|Mixed Platforms.ActiveCfg = Release|Any CPU
		{38D7AA58-C95B-449B-86C6-A8073A56E11F}.Release|Mixed Platforms.Build.0 = Release|Any CPU
		{38D7AA58-C95B-449B-86C6-A8073A56E11F}.Release|x64.ActiveCfg = Release|Any CPU
		{38D7AA58-C95B-449B-86C6-A8073A56E11F}.Release|x86.ActiveCfg = Release|Any CPU
		{53995DBB-9836-4647-AD22-865884FDEB9E}.Debug|.NET.ActiveCfg = Debug|Any CPU
		{53995DBB-9836-4647-AD22-865884FDEB9E}.Debug|Any CPU.ActiveCfg = Debug|Any CPU
		{53995DBB-9836-4647-AD22-865884FDEB9E}.Debug|Any CPU.Build.0 = Debug|Any CPU
		{53995DBB-9836-4647-AD22-865884FDEB9E}.Debug|Mixed Platforms.ActiveCfg = Debug|Any CPU
		{53995DBB-9836-4647-AD22-865884FDEB9E}.Debug|Mixed Platforms.Build.0 = Debug|Any CPU
		{53995DBB-9836-4647-AD22-865884FDEB9E}.Debug|x64.ActiveCfg = Debug|Any CPU
		{53995DBB-9836-4647-AD22-865884FDEB9E}.Debug|x86.ActiveCfg = Debug|Any CPU
		{53995DBB-9836-4647-AD22-865884FDEB9E}.Release|.NET.ActiveCfg = Release|Any CPU
		{53995DBB-9836-4647-AD22-865884FDEB9E}.Release|Any CPU.ActiveCfg = Release|Any CPU
		{53995DBB-9836-4647-AD22-865884FDEB9E}.Release|Any CPU.Build.0 = Release|Any CPU
		{53995DBB-9836-4647-AD22-865884FDEB9E}.Release|Mixed Platforms.ActiveCfg = Release|Any CPU
		{53995DBB-9836-4647-AD22-865884FDEB9E}.Release|Mixed Platforms.Build.0 = Release|Any CPU
		{53995DBB-9836-4647-AD22-865884FDEB9E}.Release|x64.ActiveCfg = Release|Any CPU
		{53995DBB-9836-4647-AD22-865884FDEB9E}.Release|x86.ActiveCfg = Release|Any CPU
		{0988C62E-247F-471F-A183-DB509C7A3839}.Debug|.NET.ActiveCfg = Debug|Any CPU
		{0988C62E-247F-471F-A183-DB509C7A3839}.Debug|Any CPU.ActiveCfg = Debug|Any CPU
		{0988C62E-247F-471F-A183-DB509C7A3839}.Debug|Any CPU.Build.0 = Debug|Any CPU
		{0988C62E-247F-471F-A183-DB509C7A3839}.Debug|Mixed Platforms.ActiveCfg = Debug|Any CPU
		{0988C62E-247F-471F-A183-DB509C7A3839}.Debug|Mixed Platforms.Build.0 = Debug|Any CPU
		{0988C62E-247F-471F-A183-DB509C7A3839}.Debug|x64.ActiveCfg = Debug|Any CPU
		{0988C62E-247F-471F-A183-DB509C7A3839}.Debug|x86.ActiveCfg = Debug|Any CPU
		{0988C62E-247F-471F-A183-DB509C7A3839}.Release|.NET.ActiveCfg = Release|Any CPU
		{0988C62E-247F-471F-A183-DB509C7A3839}.Release|Any CPU.ActiveCfg = Release|Any CPU
		{0988C62E-247F-471F-A183-DB509C7A3839}.Release|Any CPU.Build.0 = Release|Any CPU
		{0988C62E-247F-471F-A183-DB509C7A3839}.Release|Mixed Platforms.ActiveCfg = Release|Any CPU
		{0988C62E-247F-471F-A183-DB509C7A3839}.Release|Mixed Platforms.Build.0 = Release|Any CPU
		{0988C62E-247F-471F-A183-DB509C7A3839}.Release|x64.ActiveCfg = Release|Any CPU
		{0988C62E-247F-471F-A183-DB509C7A3839}.Release|x86.ActiveCfg = Release|Any CPU
		{96401C5E-D166-4E4E-98C2-3ECA91B6C7EB}.Debug|.NET.ActiveCfg = Debug|Any CPU
		{96401C5E-D166-4E4E-98C2-3ECA91B6C7EB}.Debug|Any CPU.ActiveCfg = Debug|Any CPU
		{96401C5E-D166-4E4E-98C2-3ECA91B6C7EB}.Debug|Any CPU.Build.0 = Debug|Any CPU
		{96401C5E-D166-4E4E-98C2-3ECA91B6C7EB}.Debug|Mixed Platforms.ActiveCfg = Debug|Any CPU
		{96401C5E-D166-4E4E-98C2-3ECA91B6C7EB}.Debug|Mixed Platforms.Build.0 = Debug|Any CPU
		{96401C5E-D166-4E4E-98C2-3ECA91B6C7EB}.Debug|x64.ActiveCfg = Debug|Any CPU
		{96401C5E-D166-4E4E-98C2-3ECA91B6C7EB}.Debug|x86.ActiveCfg = Debug|Any CPU
		{96401C5E-D166-4E4E-98C2-3ECA91B6C7EB}.Release|.NET.ActiveCfg = Release|Any CPU
		{96401C5E-D166-4E4E-98C2-3ECA91B6C7EB}.Release|Any CPU.ActiveCfg = Release|Any CPU
		{96401C5E-D166-4E4E-98C2-3ECA91B6C7EB}.Release|Any CPU.Build.0 = Release|Any CPU
		{96401C5E-D166-4E4E-98C2-3ECA91B6C7EB}.Release|Mixed Platforms.ActiveCfg = Release|Any CPU
		{96401C5E-D166-4E4E-98C2-3ECA91B6C7EB}.Release|Mixed Platforms.Build.0 = Release|Any CPU
		{96401C5E-D166-4E4E-98C2-3ECA91B6C7EB}.Release|x64.ActiveCfg = Release|Any CPU
		{96401C5E-D166-4E4E-98C2-3ECA91B6C7EB}.Release|x86.ActiveCfg = Release|Any CPU
		{B0706FA2-977C-4523-B093-F57804756498}.Debug|.NET.ActiveCfg = Debug|Any CPU
		{B0706FA2-977C-4523-B093-F57804756498}.Debug|Any CPU.ActiveCfg = Debug|Any CPU
		{B0706FA2-977C-4523-B093-F57804756498}.Debug|Any CPU.Build.0 = Debug|Any CPU
		{B0706FA2-977C-4523-B093-F57804756498}.Debug|Mixed Platforms.ActiveCfg = Debug|Any CPU
		{B0706FA2-977C-4523-B093-F57804756498}.Debug|Mixed Platforms.Build.0 = Debug|Any CPU
		{B0706FA2-977C-4523-B093-F57804756498}.Debug|x64.ActiveCfg = Debug|Any CPU
		{B0706FA2-977C-4523-B093-F57804756498}.Debug|x86.ActiveCfg = Debug|Any CPU
		{B0706FA2-977C-4523-B093-F57804756498}.Release|.NET.ActiveCfg = Release|Any CPU
		{B0706FA2-977C-4523-B093-F57804756498}.Release|Any CPU.ActiveCfg = Release|Any CPU
		{B0706FA2-977C-4523-B093-F57804756498}.Release|Any CPU.Build.0 = Release|Any CPU
		{B0706FA2-977C-4523-B093-F57804756498}.Release|Mixed Platforms.ActiveCfg = Release|Any CPU
		{B0706FA2-977C-4523-B093-F57804756498}.Release|Mixed Platforms.Build.0 = Release|Any CPU
		{B0706FA2-977C-4523-B093-F57804756498}.Release|x64.ActiveCfg = Release|Any CPU
		{B0706FA2-977C-4523-B093-F57804756498}.Release|x86.ActiveCfg = Release|Any CPU
		{9FE00521-3A8B-42B1-814E-585E99407B2E}.Debug|.NET.ActiveCfg = Debug|Any CPU
		{9FE00521-3A8B-42B1-814E-585E99407B2E}.Debug|Any CPU.ActiveCfg = Debug|Any CPU
		{9FE00521-3A8B-42B1-814E-585E99407B2E}.Debug|Any CPU.Build.0 = Debug|Any CPU
		{9FE00521-3A8B-42B1-814E-585E99407B2E}.Debug|Mixed Platforms.ActiveCfg = Debug|Any CPU
		{9FE00521-3A8B-42B1-814E-585E99407B2E}.Debug|Mixed Platforms.Build.0 = Debug|Any CPU
		{9FE00521-3A8B-42B1-814E-585E99407B2E}.Debug|x64.ActiveCfg = Debug|Any CPU
		{9FE00521-3A8B-42B1-814E-585E99407B2E}.Debug|x86.ActiveCfg = Debug|Any CPU
		{9FE00521-3A8B-42B1-814E-585E99407B2E}.Release|.NET.ActiveCfg = Release|Any CPU
		{9FE00521-3A8B-42B1-814E-585E99407B2E}.Release|Any CPU.ActiveCfg = Release|Any CPU
		{9FE00521-3A8B-42B1-814E-585E99407B2E}.Release|Any CPU.Build.0 = Release|Any CPU
		{9FE00521-3A8B-42B1-814E-585E99407B2E}.Release|Mixed Platforms.ActiveCfg = Release|Any CPU
		{9FE00521-3A8B-42B1-814E-585E99407B2E}.Release|Mixed Platforms.Build.0 = Release|Any CPU
		{9FE00521-3A8B-42B1-814E-585E99407B2E}.Release|x64.ActiveCfg = Release|Any CPU
		{9FE00521-3A8B-42B1-814E-585E99407B2E}.Release|x86.ActiveCfg = Release|Any CPU
		{AB835BA2-FFD6-49CD-87B0-E216255BB32E}.Debug|.NET.ActiveCfg = Debug|Any CPU
		{AB835BA2-FFD6-49CD-87B0-E216255BB32E}.Debug|Any CPU.ActiveCfg = Debug|Any CPU
		{AB835BA2-FFD6-49CD-87B0-E216255BB32E}.Debug|Any CPU.Build.0 = Debug|Any CPU
		{AB835BA2-FFD6-49CD-87B0-E216255BB32E}.Debug|Mixed Platforms.ActiveCfg = Debug|Any CPU
		{AB835BA2-FFD6-49CD-87B0-E216255BB32E}.Debug|Mixed Platforms.Build.0 = Debug|Any CPU
		{AB835BA2-FFD6-49CD-87B0-E216255BB32E}.Debug|x64.ActiveCfg = Debug|Any CPU
		{AB835BA2-FFD6-49CD-87B0-E216255BB32E}.Debug|x86.ActiveCfg = Debug|Any CPU
		{AB835BA2-FFD6-49CD-87B0-E216255BB32E}.Release|.NET.ActiveCfg = Release|Any CPU
		{AB835BA2-FFD6-49CD-87B0-E216255BB32E}.Release|Any CPU.ActiveCfg = Release|Any CPU
		{AB835BA2-FFD6-49CD-87B0-E216255BB32E}.Release|Any CPU.Build.0 = Release|Any CPU
		{AB835BA2-FFD6-49CD-87B0-E216255BB32E}.Release|Mixed Platforms.ActiveCfg = Release|Any CPU
		{AB835BA2-FFD6-49CD-87B0-E216255BB32E}.Release|Mixed Platforms.Build.0 = Release|Any CPU
		{AB835BA2-FFD6-49CD-87B0-E216255BB32E}.Release|x64.ActiveCfg = Release|Any CPU
		{AB835BA2-FFD6-49CD-87B0-E216255BB32E}.Release|x86.ActiveCfg = Release|Any CPU
		{E3D8759A-C5EB-402D-9F10-F5C6029A8D1A}.Debug|.NET.ActiveCfg = Debug|Any CPU
		{E3D8759A-C5EB-402D-9F10-F5C6029A8D1A}.Debug|Any CPU.ActiveCfg = Debug|Any CPU
		{E3D8759A-C5EB-402D-9F10-F5C6029A8D1A}.Debug|Any CPU.Build.0 = Debug|Any CPU
		{E3D8759A-C5EB-402D-9F10-F5C6029A8D1A}.Debug|Mixed Platforms.ActiveCfg = Debug|Any CPU
		{E3D8759A-C5EB-402D-9F10-F5C6029A8D1A}.Debug|Mixed Platforms.Build.0 = Debug|Any CPU
		{E3D8759A-C5EB-402D-9F10-F5C6029A8D1A}.Debug|x64.ActiveCfg = Debug|Any CPU
		{E3D8759A-C5EB-402D-9F10-F5C6029A8D1A}.Debug|x86.ActiveCfg = Debug|Any CPU
		{E3D8759A-C5EB-402D-9F10-F5C6029A8D1A}.Release|.NET.ActiveCfg = Release|Any CPU
		{E3D8759A-C5EB-402D-9F10-F5C6029A8D1A}.Release|Any CPU.ActiveCfg = Release|Any CPU
		{E3D8759A-C5EB-402D-9F10-F5C6029A8D1A}.Release|Any CPU.Build.0 = Release|Any CPU
		{E3D8759A-C5EB-402D-9F10-F5C6029A8D1A}.Release|Mixed Platforms.ActiveCfg = Release|Any CPU
		{E3D8759A-C5EB-402D-9F10-F5C6029A8D1A}.Release|Mixed Platforms.Build.0 = Release|Any CPU
		{E3D8759A-C5EB-402D-9F10-F5C6029A8D1A}.Release|x64.ActiveCfg = Release|Any CPU
		{E3D8759A-C5EB-402D-9F10-F5C6029A8D1A}.Release|x86.ActiveCfg = Release|Any CPU
		{8CD82032-32E6-479D-A4AF-28DAF07A2613}.Debug|.NET.ActiveCfg = Debug|Any CPU
		{8CD82032-32E6-479D-A4AF-28DAF07A2613}.Debug|Any CPU.ActiveCfg = Debug|Any CPU
		{8CD82032-32E6-479D-A4AF-28DAF07A2613}.Debug|Any CPU.Build.0 = Debug|Any CPU
		{8CD82032-32E6-479D-A4AF-28DAF07A2613}.Debug|Mixed Platforms.ActiveCfg = Debug|Any CPU
		{8CD82032-32E6-479D-A4AF-28DAF07A2613}.Debug|Mixed Platforms.Build.0 = Debug|Any CPU
		{8CD82032-32E6-479D-A4AF-28DAF07A2613}.Debug|x64.ActiveCfg = Debug|Any CPU
		{8CD82032-32E6-479D-A4AF-28DAF07A2613}.Debug|x86.ActiveCfg = Debug|Any CPU
		{8CD82032-32E6-479D-A4AF-28DAF07A2613}.Release|.NET.ActiveCfg = Release|Any CPU
		{8CD82032-32E6-479D-A4AF-28DAF07A2613}.Release|Any CPU.ActiveCfg = Release|Any CPU
		{8CD82032-32E6-479D-A4AF-28DAF07A2613}.Release|Any CPU.Build.0 = Release|Any CPU
		{8CD82032-32E6-479D-A4AF-28DAF07A2613}.Release|Mixed Platforms.ActiveCfg = Release|Any CPU
		{8CD82032-32E6-479D-A4AF-28DAF07A2613}.Release|Mixed Platforms.Build.0 = Release|Any CPU
		{8CD82032-32E6-479D-A4AF-28DAF07A2613}.Release|x64.ActiveCfg = Release|Any CPU
		{8CD82032-32E6-479D-A4AF-28DAF07A2613}.Release|x86.ActiveCfg = Release|Any CPU
		{2FCD3399-AA37-420B-91BD-DC791F65EC4E}.Debug|.NET.ActiveCfg = Debug|Any CPU
		{2FCD3399-AA37-420B-91BD-DC791F65EC4E}.Debug|Any CPU.ActiveCfg = Debug|Any CPU
		{2FCD3399-AA37-420B-91BD-DC791F65EC4E}.Debug|Any CPU.Build.0 = Debug|Any CPU
		{2FCD3399-AA37-420B-91BD-DC791F65EC4E}.Debug|Mixed Platforms.ActiveCfg = Debug|Any CPU
		{2FCD3399-AA37-420B-91BD-DC791F65EC4E}.Debug|Mixed Platforms.Build.0 = Debug|Any CPU
		{2FCD3399-AA37-420B-91BD-DC791F65EC4E}.Debug|x64.ActiveCfg = Debug|Any CPU
		{2FCD3399-AA37-420B-91BD-DC791F65EC4E}.Debug|x86.ActiveCfg = Debug|Any CPU
		{2FCD3399-AA37-420B-91BD-DC791F65EC4E}.Release|.NET.ActiveCfg = Release|Any CPU
		{2FCD3399-AA37-420B-91BD-DC791F65EC4E}.Release|Any CPU.ActiveCfg = Release|Any CPU
		{2FCD3399-AA37-420B-91BD-DC791F65EC4E}.Release|Any CPU.Build.0 = Release|Any CPU
		{2FCD3399-AA37-420B-91BD-DC791F65EC4E}.Release|Mixed Platforms.ActiveCfg = Release|Any CPU
		{2FCD3399-AA37-420B-91BD-DC791F65EC4E}.Release|Mixed Platforms.Build.0 = Release|Any CPU
		{2FCD3399-AA37-420B-91BD-DC791F65EC4E}.Release|x64.ActiveCfg = Release|Any CPU
		{2FCD3399-AA37-420B-91BD-DC791F65EC4E}.Release|x86.ActiveCfg = Release|Any CPU
		{BDCF43B3-98CF-42BA-8F63-15166D8A0EA0}.Debug|.NET.ActiveCfg = Debug|Any CPU
		{BDCF43B3-98CF-42BA-8F63-15166D8A0EA0}.Debug|Any CPU.ActiveCfg = Debug|Any CPU
		{BDCF43B3-98CF-42BA-8F63-15166D8A0EA0}.Debug|Any CPU.Build.0 = Debug|Any CPU
		{BDCF43B3-98CF-42BA-8F63-15166D8A0EA0}.Debug|Mixed Platforms.ActiveCfg = Debug|Any CPU
		{BDCF43B3-98CF-42BA-8F63-15166D8A0EA0}.Debug|Mixed Platforms.Build.0 = Debug|Any CPU
		{BDCF43B3-98CF-42BA-8F63-15166D8A0EA0}.Debug|x64.ActiveCfg = Debug|Any CPU
		{BDCF43B3-98CF-42BA-8F63-15166D8A0EA0}.Debug|x86.ActiveCfg = Debug|Any CPU
		{BDCF43B3-98CF-42BA-8F63-15166D8A0EA0}.Release|.NET.ActiveCfg = Release|Any CPU
		{BDCF43B3-98CF-42BA-8F63-15166D8A0EA0}.Release|Any CPU.ActiveCfg = Release|Any CPU
		{BDCF43B3-98CF-42BA-8F63-15166D8A0EA0}.Release|Any CPU.Build.0 = Release|Any CPU
		{BDCF43B3-98CF-42BA-8F63-15166D8A0EA0}.Release|Mixed Platforms.ActiveCfg = Release|Any CPU
		{BDCF43B3-98CF-42BA-8F63-15166D8A0EA0}.Release|Mixed Platforms.Build.0 = Release|Any CPU
		{BDCF43B3-98CF-42BA-8F63-15166D8A0EA0}.Release|x64.ActiveCfg = Release|Any CPU
		{BDCF43B3-98CF-42BA-8F63-15166D8A0EA0}.Release|x86.ActiveCfg = Release|Any CPU
		{A950C88C-FE61-43D6-ADB2-4683F9BF6461}.Debug|.NET.ActiveCfg = Debug|Any CPU
		{A950C88C-FE61-43D6-ADB2-4683F9BF6461}.Debug|Any CPU.ActiveCfg = Debug|Any CPU
		{A950C88C-FE61-43D6-ADB2-4683F9BF6461}.Debug|Any CPU.Build.0 = Debug|Any CPU
		{A950C88C-FE61-43D6-ADB2-4683F9BF6461}.Debug|Mixed Platforms.ActiveCfg = Debug|Any CPU
		{A950C88C-FE61-43D6-ADB2-4683F9BF6461}.Debug|Mixed Platforms.Build.0 = Debug|Any CPU
		{A950C88C-FE61-43D6-ADB2-4683F9BF6461}.Debug|x64.ActiveCfg = Debug|Any CPU
		{A950C88C-FE61-43D6-ADB2-4683F9BF6461}.Debug|x86.ActiveCfg = Debug|Any CPU
		{A950C88C-FE61-43D6-ADB2-4683F9BF6461}.Release|.NET.ActiveCfg = Release|Any CPU
		{A950C88C-FE61-43D6-ADB2-4683F9BF6461}.Release|Any CPU.ActiveCfg = Release|Any CPU
		{A950C88C-FE61-43D6-ADB2-4683F9BF6461}.Release|Any CPU.Build.0 = Release|Any CPU
		{A950C88C-FE61-43D6-ADB2-4683F9BF6461}.Release|Mixed Platforms.ActiveCfg = Release|Any CPU
		{A950C88C-FE61-43D6-ADB2-4683F9BF6461}.Release|Mixed Platforms.Build.0 = Release|Any CPU
		{A950C88C-FE61-43D6-ADB2-4683F9BF6461}.Release|x64.ActiveCfg = Release|Any CPU
		{A950C88C-FE61-43D6-ADB2-4683F9BF6461}.Release|x86.ActiveCfg = Release|Any CPU
	EndGlobalSection
	GlobalSection(SolutionProperties) = preSolution
		HideSolutionNode = FALSE
	EndGlobalSection
EndGlobal
