Microsoft Visual Studio Solution File, Format Version 12.00
# Visual Studio 2013
VisualStudioVersion = 12.0.31101.0
MinimumVisualStudioVersion = 10.0.40219.1
Project("{FAE04EC0-301F-11D3-BF4B-00C04F79EFBC}") = "BLL", "BLL\BLL.csproj", "{38D7AA58-C95B-449B-86C6-A8073A56E11F}"
EndProject
Project("{FAE04EC0-301F-11D3-BF4B-00C04F79EFBC}") = "Model", "Model\Model.csproj", "{53995DBB-9836-4647-AD22-865884FDEB9E}"
EndProject
Project("{FAE04EC0-301F-11D3-BF4B-00C04F79EFBC}") = "DBUtility", "DBUtility\DBUtility.csproj", "{0988C62E-247F-471F-A183-DB509C7A3839}"
EndProject
Project("{FAE04EC0-301F-11D3-BF4B-00C04F79EFBC}") = "DALFactory", "DALFactory\DALFactory.csproj", "{96401C5E-D166-4E4E-98C2-3ECA91B6C7EB}"
EndProject
Project("{FAE04EC0-301F-11D3-BF4B-00C04F79EFBC}") = "IDAL", "IDAL\IDAL.csproj", "{B0706FA2-977C-4523-B093-F57804756498}"
EndProject
Project("{FAE04EC0-301F-11D3-BF4B-00C04F79EFBC}") = "OracleDAL", "OracleDAL\OracleDAL.csproj", "{9FE00521-3A8B-42B1-814E-585E99407B2E}"
EndProject
Project("{FAE04EC0-301F-11D3-BF4B-00C04F79EFBC}") = "SQLServerDAL", "SQLServerDAL\SQLServerDAL.csproj", "{AB835BA2-FFD6-49CD-87B0-E216255BB32E}"
EndProject
Project("{FAE04EC0-301F-11D3-BF4B-00C04F79EFBC}") = "Common", "Common\Common.csproj", "{E3D8759A-C5EB-402D-9F10-F5C6029A8D1A}"
EndProject
Project("{FAE04EC0-301F-11D3-BF4B-00C04F79EFBC}") = "RunTask", "RunTask\RunTask\RunTask.csproj", "{8CD82032-32E6-479D-A4AF-28DAF07A2613}"
EndProject
Project("{FAE04EC0-301F-11D3-BF4B-00C04F79EFBC}") = "PolicyAutoUploadLib", "PolicyAutoUploadLib\PolicyAutoUploadLib.csproj", "{2FCD3399-AA37-420B-91BD-DC791F65EC4E}"
EndProject
Project("{FAE04EC0-301F-11D3-BF4B-00C04F79EFBC}") = "Air.Policy.Qunaer.Single.Model", "Air.Policy.Qunaer.Single.LowPrice\Air.Policy.Qunaer.Single.Model.csproj", "{BDCF43B3-98CF-42BA-8F63-15166D8A0EA0}"
EndProject
Project("{FAE04EC0-301F-11D3-BF4B-00C04F79EFBC}") = "DetelePolicyTool", "DetelePolicyTool\DetelePolicyTool.csproj", "{A950C88C-FE61-43D6-ADB2-4683F9BF6461}"
EndProject
Global
	GlobalSection(SolutionConfigurationPlatforms) = preSolution
		Debug|.NET = Debug|.NET
		Debug|Any CPU = Debug|Any CPU
		Debug|Mixed Platforms = Debug|Mixed Platforms
		Debug|x64 = Debug|x64
		Debug|x86 = Debug|x86
		Release|.NET = Release|.NET
		Release|Any CPU = Release|Any CPU
		Release|Mixed Platforms = Release|Mixed Platforms
		Release|x64 = Release|x64
		Release|x86 = Release|x86
	EndGlobalSection
	GlobalSection(ProjectConfigurationPlatforms) = postSolution
		{38D7AA58-C95B-449B-86C6-A8073A56E11F}.Debug|.NET.ActiveCfg = Debug|Any CPU
		{38D7AA58-C95B-449B-86C6-A8073A56E11F}.Debug|Any CPU.ActiveCfg = Debug|Any CPU
		{38D7AA58-C95B-449B-86C6-A8073A56E11F}.Debug|Any CPU.Build.0 = Debug|Any CPU
		{38D7AA58-C95B-449B-86C6-A8073A56E11F}.Debug|Mixed Platforms.ActiveCfg = Debug|Any CPU
		{38D7AA58-C95B-449B-86C6-A8073A56E11F}.Debug|Mixed Platforms.Build.0 = Debug|Any CPU
		{38D7AA58-C95B-449B-86C6-A8073A56E11F}.Debug|x64.ActiveCfg = Debug|Any CPU
		{38D7AA58-C95B-449B-86C6-A8073A56E11F}.Debug|x86.ActiveCfg = Debug|Any CPU
		{38D7AA58-C95B-449B-86C6-A8073A56E11F}.Release|.NET.ActiveCfg = Release|Any CPU
		{38D7AA58-C95B-449B-86C6-A8073A56E11F}.Release|Any CPU.ActiveCfg = Release|Any CPU
		{38D7AA58-C95B-449B-86C6-A8073A56E11F}.Release|Any CPU.Build.0 = Release|Any CPU
		{38D7AA58-C95B-449B-86C6-A8073A56E11F}.Release|Mixed Platforms.ActiveCfg = Release|Any CPU
		{38D7AA58-C95B-449B-86C6-A8073A56E11F}.Release|Mixed Platforms.Build.0 = Release|Any CPU
		{38D7AA58-C95B-449B-86C6-A8073A56E11F}.Release|x64.ActiveCfg = Release|Any CPU
		{38D7AA58-C95B-449B-86C6-A8073A56E11F}.Release|x86.ActiveCfg = Release|Any CPU
		{53995DBB-9836-4647-AD22-865884FDEB9E}.Debug|.NET.ActiveCfg = Debug|Any CPU
		{53995DBB-9836-4647-AD22-865884FDEB9E}.Debug|Any CPU.ActiveCfg = Debug|Any CPU
		{53995DBB-9836-4647-AD22-865884FDEB9E}.Debug|Any CPU.Build.0 = Debug|Any CPU
		{53995DBB-9836-4647-AD22-865884FDEB9E}.Debug|Mixed Platforms.ActiveCfg = Debug|Any CPU
		{53995DBB-9836-4647-AD22-865884FDEB9E}.Debug|Mixed Platforms.Build.0 = Debug|Any CPU
		{53995DBB-9836-4647-AD22-865884FDEB9E}.Debug|x64.ActiveCfg = Debug|Any CPU
		{53995DBB-9836-4647-AD22-865884FDEB9E}.Debug|x86.ActiveCfg = Debug|Any CPU
		{53995DBB-9836-4647-AD22-865884FDEB9E}.Release|.NET.ActiveCfg = Release|Any CPU
		{53995DBB-9836-4647-AD22-865884FDEB9E}.Release|Any CPU.ActiveCfg = Release|Any CPU
		{53995DBB-9836-4647-AD22-865884FDEB9E}.Release|Any CPU.Build.0 = Release|Any CPU
		{53995DBB-9836-4647-AD22-865884FDEB9E}.Release|Mixed Platforms.ActiveCfg = Release|Any CPU
		{53995DBB-9836-4647-AD22-865884FDEB9E}.Release|Mixed Platforms.Build.0 = Release|Any CPU
		{53995DBB-9836-4647-AD22-865884FDEB9E}.Release|x64.ActiveCfg = Release|Any CPU
		{53995DBB-9836-4647-AD22-865884FDEB9E}.Release|x86.ActiveCfg = Release|Any CPU
		{0988C62E-247F-471F-A183-DB509C7A3839}.Debug|.NET.ActiveCfg = Debug|Any CPU
		{0988C62E-247F-471F-A183-DB509C7A3839}.Debug|Any CPU.ActiveCfg = Debug|Any CPU
		{0988C62E-247F-471F-A183-DB509C7A3839}.Debug|Any CPU.Build.0 = Debug|Any CPU
		{0988C62E-247F-471F-A183-DB509C7A3839}.Debug|Mixed Platforms.ActiveCfg = Debug|Any CPU
		{0988C62E-247F-471F-A183-DB509C7A3839}.Debug|Mixed Platforms.Build.0 = Debug|Any CPU
		{0988C62E-247F-471F-A183-DB509C7A3839}.Debug|x64.ActiveCfg = Debug|Any CPU
		{0988C62E-247F-471F-A183-DB509C7A3839}.Debug|x86.ActiveCfg = Debug|Any CPU
		{0988C62E-247F-471F-A183-DB509C7A3839}.Release|.NET.ActiveCfg = Release|Any CPU
		{0988C62E-247F-471F-A183-DB509C7A3839}.Release|Any CPU.ActiveCfg = Release|Any CPU
		{0988C62E-247F-471F-A183-DB509C7A3839}.Release|Any CPU.Build.0 = Release|Any CPU
		{0988C62E-247F-471F-A183-DB509C7A3839}.Release|Mixed Platforms.ActiveCfg = Release|Any CPU
		{0988C62E-247F-471F-A183-DB509C7A3839}.Release|Mixed Platforms.Build.0 = Release|Any CPU
		{0988C62E-247F-471F-A183-DB509C7A3839}.Release|x64.ActiveCfg = Release|Any CPU
		{0988C62E-247F-471F-A183-DB509C7A3839}.Release|x86.ActiveCfg = Release|Any CPU
		{96401C5E-D166-4E4E-98C2-3ECA91B6C7EB}.Debug|.NET.ActiveCfg = Debug|Any CPU
		{96401C5E-D166-4E4E-98C2-3ECA91B6C7EB}.Debug|Any CPU.ActiveCfg = Debug|Any CPU
		{96401C5E-D166-4E4E-98C2-3ECA91B6C7EB}.Debug|Any CPU.Build.0 = Debug|Any CPU
		{96401C5E-D166-4E4E-98C2-3ECA91B6C7EB}.Debug|Mixed Platforms.ActiveCfg = Debug|Any CPU
		{96401C5E-D166-4E4E-98C2-3ECA91B6C7EB}.Debug|Mixed Platforms.Build.0 = Debug|Any CPU
		{96401C5E-D166-4E4E-98C2-3ECA91B6C7EB}.Debug|x64.ActiveCfg = Debug|Any CPU
		{96401C5E-D166-4E4E-98C2-3ECA91B6C7EB}.Debug|x86.ActiveCfg = Debug|Any CPU
		{96401C5E-D166-4E4E-98C2-3ECA91B6C7EB}.Release|.NET.ActiveCfg = Release|Any CPU
		{96401C5E-D166-4E4E-98C2-3ECA91B6C7EB}.Release|Any CPU.ActiveCfg = Release|Any CPU
		{96401C5E-D166-4E4E-98C2-3ECA91B6C7EB}.Release|Any CPU.Build.0 = Release|Any CPU
		{96401C5E-D166-4E4E-98C2-3ECA91B6C7EB}.Release|Mixed Platforms.ActiveCfg = Release|Any CPU
		{96401C5E-D166-4E4E-98C2-3ECA91B6C7EB}.Release|Mixed Platforms.Build.0 = Release|Any CPU
		{96401C5E-D166-4E4E-98C2-3ECA91B6C7EB}.Release|x64.ActiveCfg = Release|Any CPU
		{96401C5E-D166-4E4E-98C2-3ECA91B6C7EB}.Release|x86.ActiveCfg = Release|Any CPU
		{B0706FA2-977C-4523-B093-F57804756498}.Debug|.NET.ActiveCfg = Debug|Any CPU
		{B0706FA2-977C-4523-B093-F57804756498}.Debug|Any CPU.ActiveCfg = Debug|Any CPU
		{B0706FA2-977C-4523-B093-F57804756498}.Debug|Any CPU.Build.0 = Debug|Any CPU
		{B0706FA2-977C-4523-B093-F57804756498}.Debug|Mixed Platforms.ActiveCfg = Debug|Any CPU
		{B0706FA2-977C-4523-B093-F57804756498}.Debug|Mixed Platforms.Build.0 = Debug|Any CPU
		{B0706FA2-977C-4523-B093-F57804756498}.Debug|x64.ActiveCfg = Debug|Any CPU
		{B0706FA2-977C-4523-B093-F57804756498}.Debug|x86.ActiveCfg = Debug|Any CPU
		{B0706FA2-977C-4523-B093-F57804756498}.Release|.NET.ActiveCfg = Release|Any CPU
		{B0706FA2-977C-4523-B093-F57804756498}.Release|Any CPU.ActiveCfg = Release|Any CPU
		{B0706FA2-977C-4523-B093-F57804756498}.Release|Any CPU.Build.0 = Release|Any CPU
		{B0706FA2-977C-4523-B093-F57804756498}.Release|Mixed Platforms.ActiveCfg = Release|Any CPU
		{B0706FA2-977C-4523-B093-F57804756498}.Release|Mixed Platforms.Build.0 = Release|Any CPU
		{B0706FA2-977C-4523-B093-F57804756498}.Release|x64.ActiveCfg = Release|Any CPU
		{B0706FA2-977C-4523-B093-F57804756498}.Release|x86.ActiveCfg = Release|Any CPU
		{9FE00521-3A8B-42B1-814E-585E99407B2E}.Debug|.NET.ActiveCfg = Debug|Any CPU
		{9FE00521-3A8B-42B1-814E-585E99407B2E}.Debug|Any CPU.ActiveCfg = Debug|Any CPU
		{9FE00521-3A8B-42B1-814E-585E99407B2E}.Debug|Any CPU.Build.0 = Debug|Any CPU
		{9FE00521-3A8B-42B1-814E-585E99407B2E}.Debug|Mixed Platforms.ActiveCfg = Debug|Any CPU
		{9FE00521-3A8B-42B1-814E-585E99407B2E}.Debug|Mixed Platforms.Build.0 = Debug|Any CPU
		{9FE00521-3A8B-42B1-814E-585E99407B2E}.Debug|x64.ActiveCfg = Debug|Any CPU
		{9FE00521-3A8B-42B1-814E-585E99407B2E}.Debug|x86.ActiveCfg = Debug|Any CPU
		{9FE00521-3A8B-42B1-814E-585E99407B2E}.Release|.NET.ActiveCfg = Release|Any CPU
		{9FE00521-3A8B-42B1-814E-585E99407B2E}.Release|Any CPU.ActiveCfg = Release|Any CPU
		{9FE00521-3A8B-42B1-814E-585E99407B2E}.Release|Any CPU.Build.0 = Release|Any CPU
		{9FE00521-3A8B-42B1-814E-585E99407B2E}.Release|Mixed Platforms.ActiveCfg = Release|Any CPU
		{9FE00521-3A8B-42B1-814E-585E99407B2E}.Release|Mixed Platforms.Build.0 = Release|Any CPU
		{9FE00521-3A8B-42B1-814E-585E99407B2E}.Release|x64.ActiveCfg = Release|Any CPU
		{9FE00521-3A8B-42B1-814E-585E99407B2E}.Release|x86.ActiveCfg = Release|Any CPU
		{AB835BA2-FFD6-49CD-87B0-E216255BB32E}.Debug|.NET.ActiveCfg = Debug|Any CPU
		{AB835BA2-FFD6-49CD-87B0-E216255BB32E}.Debug|Any CPU.ActiveCfg = Debug|Any CPU
		{AB835BA2-FFD6-49CD-87B0-E216255BB32E}.Debug|Any CPU.Build.0 = Debug|Any CPU
		{AB835BA2-FFD6-49CD-87B0-E216255BB32E}.Debug|Mixed Platforms.ActiveCfg = Debug|Any CPU
		{AB835BA2-FFD6-49CD-87B0-E216255BB32E}.Debug|Mixed Platforms.Build.0 = Debug|Any CPU
		{AB835BA2-FFD6-49CD-87B0-E216255BB32E}.Debug|x64.ActiveCfg = Debug|Any CPU
		{AB835BA2-FFD6-49CD-87B0-E216255BB32E}.Debug|x86.ActiveCfg = Debug|Any CPU
		{AB835BA2-FFD6-49CD-87B0-E216255BB32E}.Release|.NET.ActiveCfg = Release|Any CPU
		{AB835BA2-FFD6-49CD-87B0-E216255BB32E}.Release|Any CPU.ActiveCfg = Release|Any CPU
		{AB835BA2-FFD6-49CD-87B0-E216255BB32E}.Release|Any CPU.Build.0 = Release|Any CPU
		{AB835BA2-FFD6-49CD-87B0-E216255BB32E}.Release|Mixed Platforms.ActiveCfg = Release|Any CPU
		{AB835BA2-FFD6-49CD-87B0-E216255BB32E}.Release|Mixed Platforms.Build.0 = Release|Any CPU
		{AB835BA2-FFD6-49CD-87B0-E216255BB32E}.Release|x64.ActiveCfg = Release|Any CPU
		{AB835BA2-FFD6-49CD-87B0-E216255BB32E}.Release|x86.ActiveCfg = Release|Any CPU
		{E3D8759A-C5EB-402D-9F10-F5C6029A8D1A}.Debug|.NET.ActiveCfg = Debug|Any CPU
		{E3D8759A-C5EB-402D-9F10-F5C6029A8D1A}.Debug|Any CPU.ActiveCfg = Debug|Any CPU
		{E3D8759A-C5EB-402D-9F10-F5C6029A8D1A}.Debug|Any CPU.Build.0 = Debug|Any CPU
		{E3D8759A-C5EB-402D-9F10-F5C6029A8D1A}.Debug|Mixed Platforms.ActiveCfg = Debug|Any CPU
		{E3D8759A-C5EB-402D-9F10-F5C6029A8D1A}.Debug|Mixed Platforms.Build.0 = Debug|Any CPU
		{E3D8759A-C5EB-402D-9F10-F5C6029A8D1A}.Debug|x64.ActiveCfg = Debug|Any CPU
		{E3D8759A-C5EB-402D-9F10-F5C6029A8D1A}.Debug|x86.ActiveCfg = Debug|Any CPU
		{E3D8759A-C5EB-402D-9F10-F5C6029A8D1A}.Release|.NET.ActiveCfg = Release|Any CPU
		{E3D8759A-C5EB-402D-9F10-F5C6029A8D1A}.Release|Any CPU.ActiveCfg = Release|Any CPU
		{E3D8759A-C5EB-402D-9F10-F5C6029A8D1A}.Release|Any CPU.Build.0 = Release|Any CPU
		{E3D8759A-C5EB-402D-9F10-F5C6029A8D1A}.Release|Mixed Platforms.ActiveCfg = Release|Any CPU
		{E3D8759A-C5EB-402D-9F10-F5C6029A8D1A}.Release|Mixed Platforms.Build.0 = Release|Any CPU
		{E3D8759A-C5EB-402D-9F10-F5C6029A8D1A}.Release|x64.ActiveCfg = Release|Any CPU
		{E3D8759A-C5EB-402D-9F10-F5C6029A8D1A}.Release|x86.ActiveCfg = Release|Any CPU
		{8CD82032-32E6-479D-A4AF-28DAF07A2613}.Debug|.NET.ActiveCfg = Debug|Any CPU
		{8CD82032-32E6-479D-A4AF-28DAF07A2613}.Debug|Any CPU.ActiveCfg = Debug|Any CPU
		{8CD82032-32E6-479D-A4AF-28DAF07A2613}.Debug|Any CPU.Build.0 = Debug|Any CPU
		{8CD82032-32E6-479D-A4AF-28DAF07A2613}.Debug|Mixed Platforms.ActiveCfg = Debug|Any CPU
		{8CD82032-32E6-479D-A4AF-28DAF07A2613}.Debug|Mixed Platforms.Build.0 = Debug|Any CPU
		{8CD82032-32E6-479D-A4AF-28DAF07A2613}.Debug|x64.ActiveCfg = Debug|Any CPU
		{8CD82032-32E6-479D-A4AF-28DAF07A2613}.Debug|x86.ActiveCfg = Debug|Any CPU
		{8CD82032-32E6-479D-A4AF-28DAF07A2613}.Release|.NET.ActiveCfg = Release|Any CPU
		{8CD82032-32E6-479D-A4AF-28DAF07A2613}.Release|Any CPU.ActiveCfg = Release|Any CPU
		{8CD82032-32E6-479D-A4AF-28DAF07A2613}.Release|Any CPU.Build.0 = Release|Any CPU
		{8CD82032-32E6-479D-A4AF-28DAF07A2613}.Release|Mixed Platforms.ActiveCfg = Release|Any CPU
		{8CD82032-32E6-479D-A4AF-28DAF07A2613}.Release|Mixed Platforms.Build.0 = Release|Any CPU
		{8CD82032-32E6-479D-A4AF-28DAF07A2613}.Release|x64.ActiveCfg = Release|Any CPU
		{8CD82032-32E6-479D-A4AF-28DAF07A2613}.Release|x86.ActiveCfg = Release|Any CPU
		{2FCD3399-AA37-420B-91BD-DC791F65EC4E}.Debug|.NET.ActiveCfg = Debug|Any CPU
		{2FCD3399-AA37-420B-91BD-DC791F65EC4E}.Debug|Any CPU.ActiveCfg = Debug|Any CPU
		{2FCD3399-AA37-420B-91BD-DC791F65EC4E}.Debug|Any CPU.Build.0 = Debug|Any CPU
		{2FCD3399-AA37-420B-91BD-DC791F65EC4E}.Debug|Mixed Platforms.ActiveCfg = Debug|Any CPU
		{2FCD3399-AA37-420B-91BD-DC791F65EC4E}.Debug|Mixed Platforms.Build.0 = Debug|Any CPU
		{2FCD3399-AA37-420B-91BD-DC791F65EC4E}.Debug|x64.ActiveCfg = Debug|Any CPU
		{2FCD3399-AA37-420B-91BD-DC791F65EC4E}.Debug|x86.ActiveCfg = Debug|Any CPU
		{2FCD3399-AA37-420B-91BD-DC791F65EC4E}.Release|.NET.ActiveCfg = Release|Any CPU
		{2FCD3399-AA37-420B-91BD-DC791F65EC4E}.Release|Any CPU.ActiveCfg = Release|Any CPU
		{2FCD3399-AA37-420B-91BD-DC791F65EC4E}.Release|Any CPU.Build.0 = Release|Any CPU
		{2FCD3399-AA37-420B-91BD-DC791F65EC4E}.Release|Mixed Platforms.ActiveCfg = Release|Any CPU
		{2FCD3399-AA37-420B-91BD-DC791F65EC4E}.Release|Mixed Platforms.Build.0 = Release|Any CPU
		{2FCD3399-AA37-420B-91BD-DC791F65EC4E}.Release|x64.ActiveCfg = Release|Any CPU
		{2FCD3399-AA37-420B-91BD-DC791F65EC4E}.Release|x86.ActiveCfg = Release|Any CPU
		{BDCF43B3-98CF-42BA-8F63-15166D8A0EA0}.Debug|.NET.ActiveCfg = Debug|Any CPU
		{BDCF43B3-98CF-42BA-8F63-15166D8A0EA0}.Debug|Any CPU.ActiveCfg = Debug|Any CPU
		{BDCF43B3-98CF-42BA-8F63-15166D8A0EA0}.Debug|Any CPU.Build.0 = Debug|Any CPU
		{BDCF43B3-98CF-42BA-8F63-15166D8A0EA0}.Debug|Mixed Platforms.ActiveCfg = Debug|Any CPU
		{BDCF43B3-98CF-42BA-8F63-15166D8A0EA0}.Debug|Mixed Platforms.Build.0 = Debug|Any CPU
		{BDCF43B3-98CF-42BA-8F63-15166D8A0EA0}.Debug|x64.ActiveCfg = Debug|Any CPU
		{BDCF43B3-98CF-42BA-8F63-15166D8A0EA0}.Debug|x86.ActiveCfg = Debug|Any CPU
		{BDCF43B3-98CF-42BA-8F63-15166D8A0EA0}.Release|.NET.ActiveCfg = Release|Any CPU
		{BDCF43B3-98CF-42BA-8F63-15166D8A0EA0}.Release|Any CPU.ActiveCfg = Release|Any CPU
		{BDCF43B3-98CF-42BA-8F63-15166D8A0EA0}.Release|Any CPU.Build.0 = Release|Any CPU
		{BDCF43B3-98CF-42BA-8F63-15166D8A0EA0}.Release|Mixed Platforms.ActiveCfg = Release|Any CPU
		{BDCF43B3-98CF-42BA-8F63-15166D8A0EA0}.Release|Mixed Platforms.Build.0 = Release|Any CPU
		{BDCF43B3-98CF-42BA-8F63-15166D8A0EA0}.Release|x64.ActiveCfg = Release|Any CPU
		{BDCF43B3-98CF-42BA-8F63-15166D8A0EA0}.Release|x86.ActiveCfg = Release|Any CPU
		{A950C88C-FE61-43D6-ADB2-4683F9BF6461}.Debug|.NET.ActiveCfg = Debug|Any CPU
		{A950C88C-FE61-43D6-ADB2-4683F9BF6461}.Debug|Any CPU.ActiveCfg = Debug|Any CPU
		{A950C88C-FE61-43D6-ADB2-4683F9BF6461}.Debug|Any CPU.Build.0 = Debug|Any CPU
		{A950C88C-FE61-43D6-ADB2-4683F9BF6461}.Debug|Mixed Platforms.ActiveCfg = Debug|Any CPU
		{A950C88C-FE61-43D6-ADB2-4683F9BF6461}.Debug|Mixed Platforms.Build.0 = Debug|Any CPU
		{A950C88C-FE61-43D6-ADB2-4683F9BF6461}.Debug|x64.ActiveCfg = Debug|Any CPU
		{A950C88C-FE61-43D6-ADB2-4683F9BF6461}.Debug|x86.ActiveCfg = Debug|Any CPU
		{A950C88C-FE61-43D6-ADB2-4683F9BF6461}.Release|.NET.ActiveCfg = Release|Any CPU
		{A950C88C-FE61-43D6-ADB2-4683F9BF6461}.Release|Any CPU.ActiveCfg = Release|Any CPU
		{A950C88C-FE61-43D6-ADB2-4683F9BF6461}.Release|Any CPU.Build.0 = Release|Any CPU
		{A950C88C-FE61-43D6-ADB2-4683F9BF6461}.Release|Mixed Platforms.ActiveCfg = Release|Any CPU
		{A950C88C-FE61-43D6-ADB2-4683F9BF6461}.Release|Mixed Platforms.Build.0 = Release|Any CPU
		{A950C88C-FE61-43D6-ADB2-4683F9BF6461}.Release|x64.ActiveCfg = Release|Any CPU
		{A950C88C-FE61-43D6-ADB2-4683F9BF6461}.Release|x86.ActiveCfg = Release|Any CPU
	EndGlobalSection
	GlobalSection(SolutionProperties) = preSolution
		HideSolutionNode = FALSE
	EndGlobalSection
EndGlobal
